
Microsoft Visual Studio Solution File, Format Version 12.00
# Visual Studio Version 17
VisualStudioVersion = 17.14.36401.2 d17.14
MinimumVisualStudioVersion = 10.0.40219.1
Project("{FAE04EC0-301F-11D3-BF4B-00C04F79EFBC}") = "ConsoleApp1", "ConsoleApp1\ConsoleApp1.csproj", "{A6E47583-D961-4A8C-BB80-C0963A25010B}"
EndProject
Project("{FAE04EC0-301F-11D3-BF4B-00C04F79EFBC}") = "ConsoleApp2", "ConsoleApp2\ConsoleApp2.csproj", "{E98FE4C7-677D-45E8-B2A4-D5D665402BA2}"
EndProject
Global
	GlobalSection(SolutionConfigurationPlatforms) = preSolution
		Debug|Any CPU = Debug|Any CPU
		Release|Any CPU = Release|Any CPU
	EndGlobalSection
	GlobalSection(ProjectConfigurationPlatforms) = postSolution
		{A6E47583-D961-4A8C-BB80-C0963A25010B}.Debug|Any CPU.ActiveCfg = Debug|Any CPU
		{A6E47583-D961-4A8C-BB80-C0963A25010B}.Debug|Any CPU.Build.0 = Debug|Any CPU
		{A6E47583-D961-4A8C-BB80-C0963A25010B}.Release|Any CPU.ActiveCfg = Release|Any CPU
		{A6E47583-D961-4A8C-BB80-C0963A25010B}.Release|Any CPU.Build.0 = Release|Any CPU
		{E98FE4C7-677D-45E8-B2A4-D5D665402BA2}.Debug|Any CPU.ActiveCfg = Debug|Any CPU
		{E98FE4C7-677D-45E8-B2A4-D5D665402BA2}.Debug|Any CPU.Build.0 = Debug|Any CPU
		{E98FE4C7-677D-45E8-B2A4-D5D665402BA2}.Release|Any CPU.ActiveCfg = Release|Any CPU
		{E98FE4C7-677D-45E8-B2A4-D5D665402BA2}.Release|Any CPU.Build.0 = Release|Any CPU
	EndGlobalSection
	GlobalSection(SolutionProperties) = preSolution
		HideSolutionNode = FALSE
	EndGlobalSection
	GlobalSection(ExtensibilityGlobals) = postSolution
		SolutionGuid = {F1603A85-F4F1-4494-8A72-5487104D58E2}
	EndGlobalSection
EndGlobal
